
Microsoft Visual Studio Solution File, Format Version 12.00
# Visual Studio Version 16
VisualStudioVersion = 16.0.30717.126
MinimumVisualStudioVersion = 10.0.40219.1
Project("{9A19103F-16F7-4668-BE54-9A1E7A4F7556}") = "Project_ATM", "Project_ATM\Project_ATM.csproj", "{0C74F2A4-F7A6-4EC8-8BA6-586EFA04D72A}"
EndProject
Project("{9A19103F-16F7-4668-BE54-9A1E7A4F7556}") = "ATM_UnitTestProject", "ATM_UnitTestProject\ATM_UnitTestProject.csproj", "{494E2954-6BED-45DB-8693-C9C55E58DBD0}"
EndProject
Project("{9A19103F-16F7-4668-BE54-9A1E7A4F7556}") = "ATM_ActivityLibrary", "ATM_ActivityLibrary\ATM_ActivityLibrary.csproj", "{FF65E94F-9890-4831-AAA8-F3437B5AB561}"
EndProject
Global
	GlobalSection(SolutionConfigurationPlatforms) = preSolution
		Debug|Any CPU = Debug|Any CPU
		Release|Any CPU = Release|Any CPU
	EndGlobalSection
	GlobalSection(ProjectConfigurationPlatforms) = postSolution
		{0C74F2A4-F7A6-4EC8-8BA6-586EFA04D72A}.Debug|Any CPU.ActiveCfg = Debug|Any CPU
		{0C74F2A4-F7A6-4EC8-8BA6-586EFA04D72A}.Debug|Any CPU.Build.0 = Debug|Any CPU
		{0C74F2A4-F7A6-4EC8-8BA6-586EFA04D72A}.Release|Any CPU.ActiveCfg = Release|Any CPU
		{0C74F2A4-F7A6-4EC8-8BA6-586EFA04D72A}.Release|Any CPU.Build.0 = Release|Any CPU
		{494E2954-6BED-45DB-8693-C9C55E58DBD0}.Debug|Any CPU.ActiveCfg = Debug|Any CPU
		{494E2954-6BED-45DB-8693-C9C55E58DBD0}.Debug|Any CPU.Build.0 = Debug|Any CPU
		{494E2954-6BED-45DB-8693-C9C55E58DBD0}.Release|Any CPU.ActiveCfg = Release|Any CPU
		{494E2954-6BED-45DB-8693-C9C55E58DBD0}.Release|Any CPU.Build.0 = Release|Any CPU
		{FF65E94F-9890-4831-AAA8-F3437B5AB561}.Debug|Any CPU.ActiveCfg = Debug|Any CPU
		{FF65E94F-9890-4831-AAA8-F3437B5AB561}.Debug|Any CPU.Build.0 = Debug|Any CPU
		{FF65E94F-9890-4831-AAA8-F3437B5AB561}.Release|Any CPU.ActiveCfg = Release|Any CPU
		{FF65E94F-9890-4831-AAA8-F3437B5AB561}.Release|Any CPU.Build.0 = Release|Any CPU
	EndGlobalSection
	GlobalSection(SolutionProperties) = preSolution
		HideSolutionNode = FALSE
	EndGlobalSection
	GlobalSection(ExtensibilityGlobals) = postSolution
		SolutionGuid = {0DE76A37-63EB-43C5-B731-78004BB31EDD}
	EndGlobalSection
EndGlobal
